
Microsoft Visual Studio Solution File, Format Version 12.00
# Visual Studio Version 16
VisualStudioVersion = 16.0.30804.86
MinimumVisualStudioVersion = 10.0.40219.1
Project("{FAE04EC0-301F-11D3-BF4B-00C04F79EFBC}") = "DbMigration", "DbMigration.csproj", "{765ECBA1-C44D-4752-AEC8-F61A0ABA9009}"
EndProject
Project("{FAE04EC0-301F-11D3-BF4B-00C04F79EFBC}") = "BaseModels", "..\Db_Models\BaseModels.csproj", "{525E5B91-B818-4F67-A8BF-E511A0BEF6BB}"
EndProject
Global
	GlobalSection(SolutionConfigurationPlatforms) = preSolution
		Debug|Any CPU = Debug|Any CPU
		Release|Any CPU = Release|Any CPU
	EndGlobalSection
	GlobalSection(ProjectConfigurationPlatforms) = postSolution
		{765ECBA1-C44D-4752-AEC8-F61A0ABA9009}.Debug|Any CPU.ActiveCfg = Debug|Any CPU
		{765ECBA1-C44D-4752-AEC8-F61A0ABA9009}.Debug|Any CPU.Build.0 = Debug|Any CPU
		{765ECBA1-C44D-4752-AEC8-F61A0ABA9009}.Release|Any CPU.ActiveCfg = Release|Any CPU
		{765ECBA1-C44D-4752-AEC8-F61A0ABA9009}.Release|Any CPU.Build.0 = Release|Any CPU
		{525E5B91-B818-4F67-A8BF-E511A0BEF6BB}.Debug|Any CPU.ActiveCfg = Debug|Any CPU
		{525E5B91-B818-4F67-A8BF-E511A0BEF6BB}.Debug|Any CPU.Build.0 = Debug|Any CPU
		{525E5B91-B818-4F67-A8BF-E511A0BEF6BB}.Release|Any CPU.ActiveCfg = Release|Any CPU
		{525E5B91-B818-4F67-A8BF-E511A0BEF6BB}.Release|Any CPU.Build.0 = Release|Any CPU
	EndGlobalSection
	GlobalSection(SolutionProperties) = preSolution
		HideSolutionNode = FALSE
	EndGlobalSection
	GlobalSection(ExtensibilityGlobals) = postSolution
		SolutionGuid = {943850FB-6CAF-4794-8C0B-95F48BE84C3D}
	EndGlobalSection
EndGlobal
